
Microsoft Visual Studio Solution File, Format Version 12.00
# Visual Studio Version 17
VisualStudioVersion = 17.0.31919.166
MinimumVisualStudioVersion = 10.0.40219.1
Project("{9A19103F-16F7-4668-BE54-9A1E7A4F7556}") = "ExtremeRoles", "ExtremeRoles\ExtremeRoles.csproj", "{11FBC798-BAF5-4EE5-9511-BE6DB0592F99}"
EndProject
Project("{9A19103F-16F7-4668-BE54-9A1E7A4F7556}") = "ExtremeSkins", "ExtremeSkins\ExtremeSkins.csproj", "{59F4A51B-B12C-41D6-B638-FF26A77940B1}"
EndProject
Global
	GlobalSection(SolutionConfigurationPlatforms) = preSolution
		Debug|Any CPU = Debug|Any CPU
		Release|Any CPU = Release|Any CPU
	EndGlobalSection
	GlobalSection(ProjectConfigurationPlatforms) = postSolution
		{11FBC798-BAF5-4EE5-9511-BE6DB0592F99}.Debug|Any CPU.ActiveCfg = Debug|Any CPU
		{11FBC798-BAF5-4EE5-9511-BE6DB0592F99}.Debug|Any CPU.Build.0 = Debug|Any CPU
		{11FBC798-BAF5-4EE5-9511-BE6DB0592F99}.Release|Any CPU.ActiveCfg = Release|Any CPU
		{11FBC798-BAF5-4EE5-9511-BE6DB0592F99}.Release|Any CPU.Build.0 = Release|Any CPU
		{11FBC798-BAF5-4EE5-9511-BE6DB0592F99}.Relese_NOVISOR|Any CPU.ActiveCfg = Release|Any CPU
		{11FBC798-BAF5-4EE5-9511-BE6DB0592F99}.Relese_NOVISOR|Any CPU.Build.0 = Release|Any CPU
		{59F4A51B-B12C-41D6-B638-FF26A77940B1}.Debug|Any CPU.ActiveCfg = Debug|Any CPU
		{59F4A51B-B12C-41D6-B638-FF26A77940B1}.Debug|Any CPU.Build.0 = Debug|Any CPU
		{59F4A51B-B12C-41D6-B638-FF26A77940B1}.Release|Any CPU.ActiveCfg = Release|Any CPU
		{59F4A51B-B12C-41D6-B638-FF26A77940B1}.Release|Any CPU.Build.0 = Release|Any CPU
	EndGlobalSection
	GlobalSection(SolutionProperties) = preSolution
		HideSolutionNode = FALSE
	EndGlobalSection
	GlobalSection(ExtensibilityGlobals) = postSolution
		SolutionGuid = {01B43F72-EE24-49D8-82B7-CC59836F5D72}
	EndGlobalSection
EndGlobal
